
Microsoft Visual Studio Solution File, Format Version 12.00
# Visual Studio 15
VisualStudioVersion = 15.0.28307.572
MinimumVisualStudioVersion = 10.0.40219.1
Project("{9A19103F-16F7-4668-BE54-9A1E7A4F7556}") = "RieltorsManagement.DAL", "RieltorsManagement.DAL\RieltorsManagement.DAL.csproj", "{70C1ED16-F40D-4F04-81D2-A7EE9C213BF4}"
EndProject
Project("{9A19103F-16F7-4668-BE54-9A1E7A4F7556}") = "RieltorsManagement.BLL", "RieltorsManagement.BLL\RieltorsManagement.BLL.csproj", "{84FAD21D-2767-4B69-9A86-8886302A02B4}"
	ProjectSection(ProjectDependencies) = postProject
		{70C1ED16-F40D-4F04-81D2-A7EE9C213BF4} = {70C1ED16-F40D-4F04-81D2-A7EE9C213BF4}
	EndProjectSection
EndProject
Project("{00D1A9C2-B5F0-4AF3-8072-F6C62B433612}") = "RieltorsManagement.SQL", "RieltorsManagement.SQL\RieltorsManagement.SQL.sqlproj", "{B554E4FE-E590-474D-8F96-B7EDD65E6BFA}"
EndProject
Project("{9A19103F-16F7-4668-BE54-9A1E7A4F7556}") = "RieltorsManagement.WebAPI", "RieltorsManagement.WebAPI\RieltorsManagement.WebAPI.csproj", "{E6006AD6-BC71-43B5-A250-D5A484F808F5}"
EndProject
Global
	GlobalSection(SolutionConfigurationPlatforms) = preSolution
		Debug|Any CPU = Debug|Any CPU
		Release|Any CPU = Release|Any CPU
	EndGlobalSection
	GlobalSection(ProjectConfigurationPlatforms) = postSolution
		{70C1ED16-F40D-4F04-81D2-A7EE9C213BF4}.Debug|Any CPU.ActiveCfg = Debug|Any CPU
		{70C1ED16-F40D-4F04-81D2-A7EE9C213BF4}.Debug|Any CPU.Build.0 = Debug|Any CPU
		{70C1ED16-F40D-4F04-81D2-A7EE9C213BF4}.Release|Any CPU.ActiveCfg = Release|Any CPU
		{70C1ED16-F40D-4F04-81D2-A7EE9C213BF4}.Release|Any CPU.Build.0 = Release|Any CPU
		{84FAD21D-2767-4B69-9A86-8886302A02B4}.Debug|Any CPU.ActiveCfg = Debug|Any CPU
		{84FAD21D-2767-4B69-9A86-8886302A02B4}.Debug|Any CPU.Build.0 = Debug|Any CPU
		{84FAD21D-2767-4B69-9A86-8886302A02B4}.Release|Any CPU.ActiveCfg = Release|Any CPU
		{84FAD21D-2767-4B69-9A86-8886302A02B4}.Release|Any CPU.Build.0 = Release|Any CPU
		{B554E4FE-E590-474D-8F96-B7EDD65E6BFA}.Debug|Any CPU.ActiveCfg = Debug|Any CPU
		{B554E4FE-E590-474D-8F96-B7EDD65E6BFA}.Debug|Any CPU.Build.0 = Debug|Any CPU
		{B554E4FE-E590-474D-8F96-B7EDD65E6BFA}.Debug|Any CPU.Deploy.0 = Debug|Any CPU
		{B554E4FE-E590-474D-8F96-B7EDD65E6BFA}.Release|Any CPU.ActiveCfg = Release|Any CPU
		{B554E4FE-E590-474D-8F96-B7EDD65E6BFA}.Release|Any CPU.Build.0 = Release|Any CPU
		{B554E4FE-E590-474D-8F96-B7EDD65E6BFA}.Release|Any CPU.Deploy.0 = Release|Any CPU
		{E6006AD6-BC71-43B5-A250-D5A484F808F5}.Debug|Any CPU.ActiveCfg = Debug|Any CPU
		{E6006AD6-BC71-43B5-A250-D5A484F808F5}.Debug|Any CPU.Build.0 = Debug|Any CPU
		{E6006AD6-BC71-43B5-A250-D5A484F808F5}.Release|Any CPU.ActiveCfg = Release|Any CPU
		{E6006AD6-BC71-43B5-A250-D5A484F808F5}.Release|Any CPU.Build.0 = Release|Any CPU
	EndGlobalSection
	GlobalSection(SolutionProperties) = preSolution
		HideSolutionNode = FALSE
	EndGlobalSection
	GlobalSection(ExtensibilityGlobals) = postSolution
		SolutionGuid = {5D8CE7CA-1EA0-4CEF-BA83-BAC3023BE0BE}
	EndGlobalSection
EndGlobal
